<?xml version="1.0" encoding="utf-8"?>
<Project ToolsVersion="4.0" xmlns="http://schemas.microsoft.com/developer/msbuild/2003">
  <ItemGroup>
    <Filter Include="Source Files">
      <UniqueIdentifier>{4FC737F1-C7A5-4376-A066-2A32D752A2FF}</UniqueIdentifier>
      <Extensions>cpp;c;cc;cxx;c++;cppm;ixx;def;odl;idl;hpj;bat;asm;asmx</Extensions>
    </Filter>
    <Filter Include="Header Files">
      <UniqueIdentifier>{93995380-89BD-4b04-88EB-625FBE52EBFB}</UniqueIdentifier>
      <Extensions>h;hh;hpp;hxx;h++;hm;inl;inc;ipp;xsd</Extensions>
    </Filter>
    <Filter Include="Resource Files">
      <UniqueIdentifier>{67DA6AB6-F800-4c08-8B7A-83BB121AAD01}</UniqueIdentifier>
      <Extensions>rc;ico;cur;bmp;dlg;rc2;rct;bin;rgs;gif;jpg;jpeg;jpe;resx;tiff;tif;png;wav;mfcribbon-ms</Extensions>
    </Filter>
    <Filter Include="Clipper2">
      <UniqueIdentifier>{7e20ee40-4239-44a0-a3e7-f3f8beb2a532}</UniqueIdentifier>
    </Filter>
    <Filter Include="Clipper2\include">
      <UniqueIdentifier>{8cf6beca-6f5f-4dff-9292-cfa6621ee499}</UniqueIdentifier>
    </Filter>
    <Filter Include="Clipper2\src">
      <UniqueIdentifier>{ab899bd7-bd05-42a7-bfc8-333bb35f14bf}</UniqueIdentifier>
    </Filter>
    <Filter Include="Clipper2\include\clipper2">
      <UniqueIdentifier>{e21ae075-49f2-41b6-b2d0-c8cbf56dbed1}</UniqueIdentifier>
    </Filter>
  </ItemGroup>
  <ItemGroup>
    <ClInclude Include="framework.h">
      <Filter>Header Files</Filter>
    </ClInclude>
    <ClInclude Include="pch.h">
      <Filter>Header Files</Filter>
    </ClInclude>
    <ClInclude Include="ZNesterAPI.h">
      <Filter>Header Files</Filter>
    </ClInclude>
    <ClInclude Include="ZPoint.h">
      <Filter>Header Files</Filter>
    </ClInclude>
    <ClInclude Include="ZGeomUtil.h">
      <Filter>Header Files</Filter>
    </ClInclude>
    <ClInclude Include="ZPolygon.h">
      <Filter>Header Files</Filter>
    </ClInclude>
    <ClInclude Include="ZRect.h">
      <Filter>Header Files</Filter>
    </ClInclude>
    <ClInclude Include="ZNester.h">
      <Filter>Header Files</Filter>
    </ClInclude>
    <ClInclude Include="Genetic.h">
      <Filter>Header Files</Filter>
    </ClInclude>
    <ClInclude Include="ZNesterConfig.h">
      <Filter>Header Files</Filter>
    </ClInclude>
    <ClInclude Include="NFP.h">
      <Filter>Header Files</Filter>
    </ClInclude>
    <ClInclude Include="ProfileTimer.h">
      <Filter>Header Files</Filter>
    </ClInclude>
    <ClInclude Include="..\Clipper2Lib\include\clipper2\clipper.h">
      <Filter>Clipper2\include\clipper2</Filter>
    </ClInclude>
    <ClInclude Include="..\Clipper2Lib\include\clipper2\clipper.minkowski.h">
      <Filter>Clipper2\include\clipper2</Filter>
    </ClInclude>
    <ClInclude Include="..\Clipper2Lib\include\clipper2\clipper.offset.h">
      <Filter>Clipper2\include\clipper2</Filter>
    </ClInclude>
    <ClInclude Include="..\Clipper2Lib\include\clipper2\clipper.rectclip.h">
      <Filter>Clipper2\include\clipper2</Filter>
    </ClInclude>
    <ClInclude Include="..\Clipper2Lib\include\clipper2\clipper.core.h">
      <Filter>Clipper2\include\clipper2</Filter>
    </ClInclude>
    <ClInclude Include="..\Clipper2Lib\include\clipper2\clipper.engine.h">
      <Filter>Clipper2\include\clipper2</Filter>
    </ClInclude>
    <ClInclude Include="..\Clipper2Lib\include\clipper2\clipper.export.h">
      <Filter>Clipper2\include\clipper2</Filter>
    </ClInclude>
    <ClInclude Include="AngleRanges.h">
      <Filter>Header Files</Filter>
    </ClInclude>
    <ClInclude Include="..\Clipper2Lib\include\clipper2\clipper.version.h">
      <Filter>Clipper2\include\clipper2</Filter>
    </ClInclude>
  </ItemGroup>
  <ItemGroup>
    <ClCompile Include="dllmain.cpp">
      <Filter>Source Files</Filter>
    </ClCompile>
    <ClCompile Include="pch.cpp">
      <Filter>Source Files</Filter>
    </ClCompile>
    <ClCompile Include="ZNesterAPI.cpp">
      <Filter>Source Files</Filter>
    </ClCompile>
    <ClCompile Include="ZPoint.cpp">
      <Filter>Source Files</Filter>
    </ClCompile>
    <ClCompile Include="ZPolygon.cpp">
      <Filter>Source Files</Filter>
    </ClCompile>
    <ClCompile Include="ZNester.cpp">
      <Filter>Source Files</Filter>
    </ClCompile>
    <ClCompile Include="ZRect.cpp">
      <Filter>Source Files</Filter>
    </ClCompile>
    <ClCompile Include="Genetic.cpp">
      <Filter>Source Files</Filter>
    </ClCompile>
    <ClCompile Include="NFP.cpp">
      <Filter>Source Files</Filter>
    </ClCompile>
    <ClCompile Include="..\Clipper2Lib\src\clipper.offset.cpp">
      <Filter>Clipper2\src</Filter>
    </ClCompile>
    <ClCompile Include="..\Clipper2Lib\src\clipper.rectclip.cpp">
      <Filter>Clipper2\src</Filter>
    </ClCompile>
    <ClCompile Include="..\Clipper2Lib\src\clipper.engine.cpp">
      <Filter>Clipper2\src</Filter>
    </ClCompile>
  </ItemGroup>
</Project>